<?xml version="1.0" encoding="UTF-8" standalone="yes" ?>
<CodeBlocks_project_file>
	<FileVersion major="1" minor="6" />
	<Project>
		<Option title="Interfata" />
		<Option pch_mode="2" />
		<Option compiler="gcc" />
		<Build>
			<Target title="Debug">
				<Option output="bin/Debug/Interfata" prefix_auto="1" extension_auto="1" />
				<Option object_output="obj/Debug/" />
				<Option type="1" />
				<Option compiler="gcc" />
				<Compiler>
					<Add option="-g" />
					<Add directory="../SDL/include/SDL2" />
				</Compiler>
				<Linker>
					<Add option="-lmingw32 -lSDL2main -lSDL2" />
					<Add directory="../SDL/lib" />
				</Linker>
			</Target>
			<Target title="Release">
				<Option output="bin/Release/Interfata" prefix_auto="1" extension_auto="1" />
				<Option object_output="obj/Release/" />
				<Option type="1" />
				<Option compiler="gcc" />
				<Compiler>
					<Add option="-O2" />
				</Compiler>
				<Linker>
					<Add option="-s" />
				</Linker>
			</Target>
		</Build>
		<Compiler>
			<Add option="-Wall" />
			<Add option="-fexceptions" />
		</Compiler>
		<Unit filename="../headers/GAME.cpp" />
		<Unit filename="../headers/GAME.h" />
		<Unit filename="../headers/PIESA.cpp" />
		<Unit filename="../headers/PIESA.h" />
		<Unit filename="../headers/UTIL.h" />
		<Unit filename="../headers/WINDOW.cpp" />
		<Unit filename="Interfata.cbp" />
		<Unit filename="Interfata.depend" />
		<Unit filename="Interfata.layout" />
		<Unit filename="main.cpp" />
		<Extensions>
			<code_completion />
			<envvars />
			<debugger />
			<lib_finder disable_auto="1" />
		</Extensions>
	</Project>
</CodeBlocks_project_file>
